# THIS IS AN AUTOGENERATED FILE. DO NOT EDIT THIS FILE DIRECTLY.
# yarn lockfile v1


"@babel/runtime@^7.1.2", "@babel/runtime@^7.12.1", "@babel/runtime@^7.15.4", "@babel/runtime@^7.4.2", "@babel/runtime@^7.5.5", "@babel/runtime@^7.6.3", "@babel/runtime@^7.8.7", "@babel/runtime@^7.9.2":
  version "7.20.1"
  resolved "https://registry.npmjs.org/@babel/runtime/-/runtime-7.20.1.tgz"
  integrity sha512-mrzLkl6U9YLF8qpqI7TB82PESyEGjm/0Ly91jG575eVxMMlb8fYfOXFZIJ8XfLrJZQbm7dlKry2bJmXBUEkdFg==
  dependencies:
    regenerator-runtime "^0.13.10"

"@fortawesome/fontawesome-common-types@^0.2.32":
  version "0.2.32"
  resolved "https://registry.npmjs.org/@fortawesome/fontawesome-common-types/-/fontawesome-common-types-0.2.32.tgz"
  integrity sha512-ux2EDjKMpcdHBVLi/eWZynnPxs0BtFVXJkgHIxXRl+9ZFaHPvYamAfCzeeQFqHRjuJtX90wVnMRaMQAAlctz3w==

"@fortawesome/fontawesome-svg-core@^1.2.32":
  version "1.2.32"
  resolved "https://registry.npmjs.org/@fortawesome/fontawesome-svg-core/-/fontawesome-svg-core-1.2.32.tgz"
  integrity sha512-XjqyeLCsR/c/usUpdWcOdVtWFVjPbDFBTQkn2fQRrWhhUoxriQohO2RWDxLyUM8XpD+Zzg5xwJ8gqTYGDLeGaQ==
  dependencies:
    "@fortawesome/fontawesome-common-types" "^0.2.32"

"@fortawesome/free-brands-svg-icons@^5.15.1":
  version "5.15.1"
  resolved "https://registry.npmjs.org/@fortawesome/free-brands-svg-icons/-/free-brands-svg-icons-5.15.1.tgz"
  integrity sha512-pkTZIWn7iuliCCgV+huDfZmZb2UjslalXGDA2PcqOVUYJmYL11y6ooFiMJkJvUZu+xgAc1gZgQe+Px12mZF0CA==
  dependencies:
    "@fortawesome/fontawesome-common-types" "^0.2.32"

"@fortawesome/free-solid-svg-icons@^5.15.1":
  version "5.15.1"
  resolved "https://registry.npmjs.org/@fortawesome/free-solid-svg-icons/-/free-solid-svg-icons-5.15.1.tgz"
  integrity sha512-EFMuKtzRMNbvjab/SvJBaOOpaqJfdSap/Nl6hst7CgrJxwfORR1drdTV6q1Ib/JVzq4xObdTDcT6sqTaXMqfdg==
  dependencies:
    "@fortawesome/fontawesome-common-types" "^0.2.32"

"@fortawesome/react-fontawesome@^0.1.12":
  version "0.1.12"
  resolved "https://registry.npmjs.org/@fortawesome/react-fontawesome/-/react-fontawesome-0.1.12.tgz"
  integrity sha512-kV6HtqotM3K4YIXlTVvomuIi6QgGCvYm++ImyEx2wwgmSppZ6kbbA29ASwjAUBD63j2OFU0yoxeXpZkjrrX0qQ==
  dependencies:
    prop-types "^15.7.2"

"@next/env@13.0.5":
  version "13.0.5"
  resolved "https://registry.npmjs.org/@next/env/-/env-13.0.5.tgz"
  integrity sha512-F3KLtiDrUslAZhTYTh8Zk5ZaavbYwLUn3NYPBnOjAXU8hWm0QVGVzKIOuURQ098ofRU4e9oglf3Sj9pFx5nI5w==

"@next/swc-android-arm-eabi@13.0.5":
  version "13.0.5"
  resolved "https://registry.yarnpkg.com/@next/swc-android-arm-eabi/-/swc-android-arm-eabi-13.0.5.tgz#bb83f8a8bea5d3d813059a28624e9ff3c0c22bac"
  integrity sha512-YO691dxHlviy6H0eghgwqn+5kU9J3iQnKERHTDSppqjjGDBl6ab4wz9XfI5AhljjkaTg3TknHoIEWFDoZ4Ve8g==

"@next/swc-android-arm64@13.0.5":
  version "13.0.5"
  resolved "https://registry.yarnpkg.com/@next/swc-android-arm64/-/swc-android-arm64-13.0.5.tgz#6082f7e4a7b07c5e1a1284ef0cb3b741b49f03de"
  integrity sha512-ugbwffkUmp8cd2afehDC8LtQeFUxElRUBBngfB5UYSWBx18HW4OgzkPFIY8jUBH16zifvGZWXbICXJWDHrOLtw==

"@next/swc-darwin-arm64@13.0.5":
  version "13.0.5"
  resolved "https://registry.yarnpkg.com/@next/swc-darwin-arm64/-/swc-darwin-arm64-13.0.5.tgz#764f85446590b8f2894c9aca0c96e039cd1ca5e0"
  integrity sha512-mshlh8QOtOalfZbc17uNAftWgqHTKnrv6QUwBe+mpGz04eqsSUzVz1JGZEdIkmuDxOz00cK2NPoc+VHDXh99IQ==

"@next/swc-darwin-x64@13.0.5":
  version "13.0.5"
  resolved "https://registry.yarnpkg.com/@next/swc-darwin-x64/-/swc-darwin-x64-13.0.5.tgz#f0e4855639279f85f4e0d2bc3d10e5b6c3dff33d"
  integrity sha512-SfigOKW4Z2UB3ruUPyvrlDIkcJq1hiw1wvYApWugD+tQsAkYZKEoz+/8emCmeYZ6Gwgi1WHV+z52Oj8u7bEHPg==

"@next/swc-freebsd-x64@13.0.5":
  version "13.0.5"
  resolved "https://registry.yarnpkg.com/@next/swc-freebsd-x64/-/swc-freebsd-x64-13.0.5.tgz#1ccc56db2fd6c1a8e10d3952b7cc5fb98c1eed71"
  integrity sha512-0NJg8HZr4yG8ynmMGFXQf+Mahvq4ZgBmUwSlLXXymgxEQgH17erH/LoR69uITtW+KTsALgk9axEt5AAabM4ucg==

"@next/swc-linux-arm-gnueabihf@13.0.5":
  version "13.0.5"
  resolved "https://registry.yarnpkg.com/@next/swc-linux-arm-gnueabihf/-/swc-linux-arm-gnueabihf-13.0.5.tgz#1dd70f03a33d0ea84a5cae03141437ff1e1b5642"
  integrity sha512-Cye+h3oDT3NDWjACMlRaolL8fokpKie34FlPj9nfoW7bYKmoMBY1d4IO/GgBF+5xEl7HkH0Ny/qex63vQ0pN+A==

"@next/swc-linux-arm64-gnu@13.0.5":
  version "13.0.5"
  resolved "https://registry.yarnpkg.com/@next/swc-linux-arm64-gnu/-/swc-linux-arm64-gnu-13.0.5.tgz#053d8379a509d005128763013e7be8b92abb0304"
  integrity sha512-5BfDS/VoRDR5QUGG9oedOCEZGmV2zxUVFYLUJVPMSMeIgqkjxWQBiG2BUHZI6/LGk9yvHmjx7BTvtBCLtRg6IQ==

"@next/swc-linux-arm64-musl@13.0.5":
  version "13.0.5"
  resolved "https://registry.yarnpkg.com/@next/swc-linux-arm64-musl/-/swc-linux-arm64-musl-13.0.5.tgz#4a260c6e2f8003b01668c9f2ecfefc102f307d04"
  integrity sha512-xenvqlXz+KxVKAB1YR723gnVNszpsCvKZkiFFaAYqDGJ502YuqU2fwLsaSm/ASRizNcBYeo9HPLTyc3r/9cdMQ==

"@next/swc-linux-x64-gnu@13.0.5":
  version "13.0.5"
  resolved "https://registry.npmjs.org/@next/swc-linux-x64-gnu/-/swc-linux-x64-gnu-13.0.5.tgz"
  integrity sha512-9Ahi1bbdXwhrWQmOyoTod23/hhK05da/FzodiNqd6drrMl1y7+RujoEcU8Dtw3H1mGWB+yuTlWo8B4Iba8hqiQ==

"@next/swc-linux-x64-musl@13.0.5":
  version "13.0.5"
  resolved "https://registry.npmjs.org/@next/swc-linux-x64-musl/-/swc-linux-x64-musl-13.0.5.tgz"
  integrity sha512-V+1mnh49qmS9fOZxVRbzjhBEz9IUGJ7AQ80JPWAYQM5LI4TxfdiF4APLPvJ52rOmNeTqnVz1bbKtVOso+7EZ4w==

"@next/swc-win32-arm64-msvc@13.0.5":
  version "13.0.5"
  resolved "https://registry.yarnpkg.com/@next/swc-win32-arm64-msvc/-/swc-win32-arm64-msvc-13.0.5.tgz#19df9e548b3fe1a2aa8491dd7c01ca950977ac9e"
  integrity sha512-wRE9rkp7I+/3Jf2T9PFIJOKq3adMWYEFkPOA7XAkUfYbQHlDJm/U5cVCWUsKByyQq5RThwufI91sgd19MfxRxg==

"@next/swc-win32-ia32-msvc@13.0.5":
  version "13.0.5"
  resolved "https://registry.yarnpkg.com/@next/swc-win32-ia32-msvc/-/swc-win32-ia32-msvc-13.0.5.tgz#a4de6f9d2556b48869f20b1c0f61c5a88a213319"
  integrity sha512-Q1XQSLEhFuFhkKFdJIGt7cYQ4T3u6P5wrtUNreg5M+7P+fjSiC8+X+Vjcw+oebaacsdl0pWZlK+oACGafush1w==

"@next/swc-win32-x64-msvc@13.0.5":
  version "13.0.5"
  resolved "https://registry.yarnpkg.com/@next/swc-win32-x64-msvc/-/swc-win32-x64-msvc-13.0.5.tgz#f95f882900fe8bf84e049b720f18e851a7187cfe"
  integrity sha512-t5gRblrwwiNZP6cT7NkxlgxrFgHWtv9ei5vUraCLgBqzvIsa7X+PnarZUeQCXqz6Jg9JSGGT9j8lvzD97UqeJQ==

"@popperjs/core@^2.5.3":
  version "2.5.4"
  resolved "https://registry.npmjs.org/@popperjs/core/-/core-2.5.4.tgz"
  integrity sha512-ZpKr+WTb8zsajqgDkvCEWgp6d5eJT6Q63Ng2neTbzBO76Lbe91vX/iVIW9dikq+Fs3yEo+ls4cxeXABD2LtcbQ==

"@reduxjs/toolkit@^1.4.0":
  version "1.9.0"
  resolved "https://registry.npmjs.org/@reduxjs/toolkit/-/toolkit-1.9.0.tgz"
  integrity sha512-ak11IrjYcUXRqlhNPwnz6AcvA2ynJTu8PzDbbqQw4a3xR4KZtgiqbNblQD+10CRbfK4+5C79SOyxnT9dhBqFnA==
  dependencies:
    immer "^9.0.16"
    redux "^4.2.0"
    redux-thunk "^2.4.2"
    reselect "^4.1.7"

"@restart/context@^2.1.4":
  version "2.1.4"
  resolved "https://registry.npmjs.org/@restart/context/-/context-2.1.4.tgz"
  integrity sha512-INJYZQJP7g+IoDUh/475NlGiTeMfwTXUEr3tmRneckHIxNolGOW9CTq83S8cxq0CgJwwcMzMJFchxvlwe7Rk8Q==

"@restart/hooks@^0.3.21", "@restart/hooks@^0.3.25":
  version "0.3.25"
  resolved "https://registry.npmjs.org/@restart/hooks/-/hooks-0.3.25.tgz"
  integrity sha512-m2v3N5pxTsIiSH74/sb1yW8D9RxkJidGW+5Mfwn/lHb2QzhZNlaU1su7abSyT9EGf0xS/0waLjrf7/XxQHUk7w==
  dependencies:
    lodash "^4.17.15"
    lodash-es "^4.17.15"

"@swc/helpers@0.4.14":
  version "0.4.14"
  resolved "https://registry.npmjs.org/@swc/helpers/-/helpers-0.4.14.tgz"
  integrity sha512-4C7nX/dvpzB7za4Ql9K81xK3HPxCpHMgwTZVyf+9JQ6VUbn9jjZVN7/Nkdz/Ugzs2CSjqnL/UPXroiVBVHUWUw==
  dependencies:
    tslib "^2.4.0"

"@types/classnames@^2.2.10":
  version "2.2.11"
  resolved "https://registry.npmjs.org/@types/classnames/-/classnames-2.2.11.tgz"
  integrity sha512-2koNhpWm3DgWRp5tpkiJ8JGc1xTn2q0l+jUNUE7oMKXUf5NpI9AIdC4kbjGNFBdHtcxBD18LAksoudAVhFKCjw==

"@types/hoist-non-react-statics@^3.3.0":
  version "3.3.1"
  resolved "https://registry.npmjs.org/@types/hoist-non-react-statics/-/hoist-non-react-statics-3.3.1.tgz"
  integrity sha512-iMIqiko6ooLrTh1joXodJK5X9xeEALT1kM5G3ZLhD3hszxBdIEd5C75U834D9mLcINgD4OyZf5uQXjkuYydWvA==
  dependencies:
    "@types/react" "*"
    hoist-non-react-statics "^3.3.0"

"@types/invariant@^2.2.33":
  version "2.2.34"
  resolved "https://registry.npmjs.org/@types/invariant/-/invariant-2.2.34.tgz"
  integrity sha512-lYUtmJ9BqUN688fGY1U1HZoWT1/Jrmgigx2loq4ZcJpICECm/Om3V314BxdzypO0u5PORKGMM6x0OXaljV1YFg==

"@types/node@^14.14.7":
  version "14.18.33"
  resolved "https://registry.npmjs.org/@types/node/-/node-14.18.33.tgz"
  integrity sha512-qelS/Ra6sacc4loe/3MSjXNL1dNQ/GjxNHVzuChwMfmk7HuycRLVQN2qNY3XahK+fZc5E2szqQSKUyAF0E+2bg==

"@types/prop-types@*", "@types/prop-types@^15.7.3":
  version "15.7.3"
  resolved "https://registry.npmjs.org/@types/prop-types/-/prop-types-15.7.3.tgz"
  integrity sha512-KfRL3PuHmqQLOG+2tGpRO26Ctg+Cq1E01D2DMriKEATHgWLfeNDmq9e29Q9WIky0dQ3NPkd1mzYH8Lm936Z9qw==

"@types/react-redux@^7.1.20":
  version "7.1.24"
  resolved "https://registry.npmjs.org/@types/react-redux/-/react-redux-7.1.24.tgz"
  integrity sha512-7FkurKcS1k0FHZEtdbbgN8Oc6b+stGSfZYjQGicofJ0j4U0qIn/jaSvnP2pLwZKiai3/17xqqxkkrxTgN8UNbQ==
  dependencies:
    "@types/hoist-non-react-statics" "^3.3.0"
    "@types/react" "*"
    hoist-non-react-statics "^3.3.0"
    redux "^4.0.0"

"@types/react-transition-group@^4.4.0":
  version "4.4.0"
  resolved "https://registry.npmjs.org/@types/react-transition-group/-/react-transition-group-4.4.0.tgz"
  integrity sha512-/QfLHGpu+2fQOqQaXh8MG9q03bFENooTb/it4jr5kKaZlDQfWvjqWZg48AwzPVMBHlRuTRAY7hRHCEOXz5kV6w==
  dependencies:
    "@types/react" "*"

"@types/react@*", "@types/react@^16.9.11", "@types/react@^16.9.35", "@types/react@^16.9.56":
  version "16.9.56"
  resolved "https://registry.npmjs.org/@types/react/-/react-16.9.56.tgz"
  integrity sha512-gIkl4J44G/qxbuC6r2Xh+D3CGZpJ+NdWTItAPmZbR5mUS+JQ8Zvzpl0ea5qT/ZT3ZNTUcDKUVqV3xBE8wv/DyQ==
  dependencies:
    "@types/prop-types" "*"
    csstype "^3.0.2"

"@types/warning@^3.0.0":
  version "3.0.0"
  resolved "https://registry.npmjs.org/@types/warning/-/warning-3.0.0.tgz"
  integrity sha1-DSUBJorY+ZYrdA04fEZU9fjiPlI=

asap@~2.0.3:
  version "2.0.6"
  resolved "https://registry.npmjs.org/asap/-/asap-2.0.6.tgz"
  integrity sha512-BSHWgDSAiKs50o2Re8ppvp3seVHXSRM44cdSsT9FfNEUUZLOGWVCsiWaRPWM1Znn+mqZ1OfVZ3z3DWEzSp7hRA==

axios@^0.21.0:
  version "0.21.4"
  resolved "https://registry.npmjs.org/axios/-/axios-0.21.4.tgz"
  integrity sha512-ut5vewkiu8jjGBdqpM44XxjuCjq9LAKeHVmoVfHVzy8eHgxxq8SbAVQNovDA8mVi05kP0Ea/n/UzcSHcTJQfNg==
  dependencies:
    follow-redirects "^1.14.0"

balanced-match@^0.4.2:
  version "0.4.2"
  resolved "https://registry.npmjs.org/balanced-match/-/balanced-match-0.4.2.tgz"
  integrity sha512-STw03mQKnGUYtoNjmowo4F2cRmIIxYEGiMsjjwla/u5P1lxadj/05WkNaFjNiKTgJkj8KiXbgAiRTmcQRwQNtg==

balanced-match@^1.0.0:
  version "1.0.2"
  resolved "https://registry.npmjs.org/balanced-match/-/balanced-match-1.0.2.tgz"
  integrity sha512-3oSeUO0TMV67hN1AmbXsK4yaqU7tjiHlbxRDZOpH0KW9+CeX4bRAaX0Anxt0tx2MrpRpWwQaPwIlISEJhYU5Pw==

bootstrap@^4.5.3:
  version "4.5.3"
  resolved "https://registry.npmjs.org/bootstrap/-/bootstrap-4.5.3.tgz"
  integrity sha512-o9ppKQioXGqhw8Z7mah6KdTYpNQY//tipnkxppWhPbiSWdD+1raYsnhwEZjkTHYbGee4cVQ0Rx65EhOY/HNLcQ==

caniuse-lite@^1.0.30001406:
  version "1.0.30001434"
  resolved "https://registry.npmjs.org/caniuse-lite/-/caniuse-lite-1.0.30001434.tgz"
  integrity sha512-aOBHrLmTQw//WFa2rcF1If9fa3ypkC1wzqqiKHgfdrXTWcU8C4gKVZT77eQAPWN1APys3+uQ0Df07rKauXGEYA==

chain-function@^1.0.0:
  version "1.0.1"
  resolved "https://registry.npmjs.org/chain-function/-/chain-function-1.0.1.tgz"
  integrity sha512-SxltgMwL9uCko5/ZCLiyG2B7R9fY4pDZUw7hJ4MhirdjBLosoDqkWABi3XMucddHdLiFJMb7PD2MZifZriuMTg==

classnames@2.2.5:
  version "2.2.5"
  resolved "https://registry.npmjs.org/classnames/-/classnames-2.2.5.tgz"
  integrity sha512-DTt3GhOUDKhh4ONwIJW4lmhyotQmV2LjNlGK/J2hkwUcqcbKkCLAdJPtxQnxnlc7SR3f1CEXCyMmc7WLUsWbNA==

classnames@^2.2.6:
  version "2.2.6"
  resolved "https://registry.npmjs.org/classnames/-/classnames-2.2.6.tgz"
  integrity sha512-JR/iSQOSt+LQIWwrwEzJ9uk0xfN3mTVYMwt1Ir5mUcSN6pU+V4zQFFaJsclJbPuAUQH+yfWef6tm7l1quW3C8Q==

client-only@0.0.1:
  version "0.0.1"
  resolved "https://registry.npmjs.org/client-only/-/client-only-0.0.1.tgz"
  integrity sha512-IV3Ou0jSMzZrd3pZ48nLkT9DA7Ag1pnPzaiQhpW7c3RbcqqzvzzVu+L8gfqMp/8IM2MQtSiqaCxrrcfu8I8rMA==

clsx@^1.1.1:
  version "1.2.1"
  resolved "https://registry.npmjs.org/clsx/-/clsx-1.2.1.tgz"
  integrity sha512-EcR6r5a8bj6pu3ycsa/E/cKVGuTgZJZdsyUYHOksG/UHIiKfjxzRxYJpyVBwYaQeOvghal9fcc4PidlgzugAQg==

core-js@2.4.1:
  version "2.4.1"
  resolved "https://registry.npmjs.org/core-js/-/core-js-2.4.1.tgz"
  integrity sha512-W4Zkayb9VI4zr+s7ReDSgTTaV9KWB4L997i8/mkOV2kY1c7QGNj91k8X0zcr8Tl24oYF6kiBomCDSYO4BvQQdQ==

core-js@^1.0.0:
  version "1.2.7"
  resolved "https://registry.npmjs.org/core-js/-/core-js-1.2.7.tgz"
  integrity sha512-ZiPp9pZlgxpWRu0M+YWbm6+aQ84XEfH1JRXvfOc/fILWI0VKhLC2LX13X1NYq4fULzLMq7Hfh43CSo2/aIaUPA==

csstype@^3.0.2:
  version "3.0.4"
  resolved "https://registry.npmjs.org/csstype/-/csstype-3.0.4.tgz"
  integrity sha512-xc8DUsCLmjvCfoD7LTGE0ou2MIWLx0K9RCZwSHMOdynqRsP4MtUcLeqh1HcQ2dInwDTqn+3CE0/FZh1et+p4jA==

d3-array@1:
  version "1.2.4"
  resolved "https://registry.npmjs.org/d3-array/-/d3-array-1.2.4.tgz"
  integrity sha512-KHW6M86R+FUPYGb3R5XiYjXPq7VzwxZ22buHhAEVG5ztoEcZZMLov530mmccaqA1GghZArjQV46fuc8kUqhhHw==

d3-collection@1:
  version "1.0.7"
  resolved "https://registry.npmjs.org/d3-collection/-/d3-collection-1.0.7.tgz"
  integrity sha512-ii0/r5f4sjKNTfh84Di+DpztYwqKhEyUlKoPrzUFfeSkWxjW49xU2QzO9qrPrNkpdI0XJkfzvmTu8V2Zylln6A==

d3-color@1:
  version "1.4.1"
  resolved "https://registry.npmjs.org/d3-color/-/d3-color-1.4.1.tgz"
  integrity sha512-p2sTHSLCJI2QKunbGb7ocOh7DgTAn8IrLx21QRc/BSnodXM4sv6aLQlnfpvehFMLZEfBc6g9pH9SWQccFYfJ9Q==

d3-format@1:
  version "1.4.5"
  resolved "https://registry.npmjs.org/d3-format/-/d3-format-1.4.5.tgz"
  integrity sha512-J0piedu6Z8iB6TbIGfZgDzfXxUFN3qQRMofy2oPdXzQibYGqPB/9iMcxr/TGalU+2RsyDO+U4f33id8tbnSRMQ==

d3-interpolate@1:
  version "1.4.0"
  resolved "https://registry.npmjs.org/d3-interpolate/-/d3-interpolate-1.4.0.tgz"
  integrity sha512-V9znK0zc3jOPV4VD2zZn0sDhZU3WAE2bmlxdIwwQPPzPjvyLkd8B3JUVdS1IDUFDkWZ72c9qnv1GK2ZagTZ8EA==
  dependencies:
    d3-color "1"

d3-path@1:
  version "1.0.9"
  resolved "https://registry.npmjs.org/d3-path/-/d3-path-1.0.9.tgz"
  integrity sha512-VLaYcn81dtHVTjEHd8B+pbe9yHWpXKZUC87PzoFmsFrJqgFwDe/qxfp5MlfsfM1V5E/iVt0MmEbWQ7FVIXh/bg==

d3-scale@1.0.4:
  version "1.0.4"
  resolved "https://registry.npmjs.org/d3-scale/-/d3-scale-1.0.4.tgz"
  integrity sha512-6lf7eXjRo/Ogc9tPc4gBzLKw/PHUMJ3gkGjOn0FvkOct9mK68Je0ChG75uXGzwN8n0hOHiXhCNBN//hHXTMQGw==
  dependencies:
    d3-array "1"
    d3-collection "1"
    d3-color "1"
    d3-format "1"
    d3-interpolate "1"
    d3-time "1"
    d3-time-format "2"

d3-shape@1.0.4:
  version "1.0.4"
  resolved "https://registry.npmjs.org/d3-shape/-/d3-shape-1.0.4.tgz"
  integrity sha512-cfgoSGygKqHOG9n2rslAqeCdEK5RB7gKK5lihJi0zhU+Zksc5jEnkM7mmN+FCQO63Yl8QBOHcV3BxL+aNnmazw==
  dependencies:
    d3-path "1"

d3-time-format@2:
  version "2.3.0"
  resolved "https://registry.npmjs.org/d3-time-format/-/d3-time-format-2.3.0.tgz"
  integrity sha512-guv6b2H37s2Uq/GefleCDtbe0XZAuy7Wa49VGkPVPMfLL9qObgBST3lEHJBMUp8S7NdLQAGIvr2KXk8Hc98iKQ==
  dependencies:
    d3-time "1"

d3-time@1:
  version "1.1.0"
  resolved "https://registry.npmjs.org/d3-time/-/d3-time-1.1.0.tgz"
  integrity sha512-Xh0isrZ5rPYYdqhAVk8VLnMEidhz5aP7htAADH6MfzgmmicPkTo8LhkLxci61/lCB7n7UmE3bN0leRt+qvkLxA==

date-fns@^2.19.0:
  version "2.29.3"
  resolved "https://registry.npmjs.org/date-fns/-/date-fns-2.29.3.tgz"
  integrity sha512-dDCnyH2WnnKusqvZZ6+jA1O51Ibt8ZMRNkDZdyAyK4YfbDwa/cEmuztzG5pk6hqlp9aSBPYcjOlktquahGwGeA==

dequal@2.0.2:
  version "2.0.2"
  resolved "https://registry.npmjs.org/dequal/-/dequal-2.0.2.tgz"
  integrity sha512-q9K8BlJVxK7hQYqa6XISGmBZbtQQWVXSrRrWreHC94rMt1QL/Impruc+7p2CYSYuVIUr+YCt6hjrs1kkdJRTug==

dom-helpers@^3.2.0:
  version "3.4.0"
  resolved "https://registry.npmjs.org/dom-helpers/-/dom-helpers-3.4.0.tgz"
  integrity sha512-LnuPJ+dwqKDIyotW1VzmOZ5TONUN7CwkCR5hrgawTUbkBGYdeoNLZo6nNfGkCrjtE1nXXaj7iMMpDa8/d9WoIA==
  dependencies:
    "@babel/runtime" "^7.1.2"

dom-helpers@^5.0.1, dom-helpers@^5.1.2, dom-helpers@^5.2.0:
  version "5.2.0"
  resolved "https://registry.npmjs.org/dom-helpers/-/dom-helpers-5.2.0.tgz"
  integrity sha512-Ru5o9+V8CpunKnz5LGgWXkmrH/20cGKwcHwS4m73zIvs54CN9epEmT/HLqFJW3kXpakAFkEdzgy1hzlJe3E4OQ==
  dependencies:
    "@babel/runtime" "^7.8.7"
    csstype "^3.0.2"

encoding@^0.1.11:
  version "0.1.13"
  resolved "https://registry.npmjs.org/encoding/-/encoding-0.1.13.tgz"
  integrity sha512-ETBauow1T35Y/WZMkio9jiM0Z5xjHHmJ4XmjZOq1l/dXz3lr2sRn87nJy20RupqSh1F2m3HHPSp8ShIPQJrJ3A==
  dependencies:
    iconv-lite "^0.6.2"

fbjs@^0.8.9:
  version "0.8.18"
  resolved "https://registry.npmjs.org/fbjs/-/fbjs-0.8.18.tgz"
  integrity sha512-EQaWFK+fEPSoibjNy8IxUtaFOMXcWsY0JaVrQoZR9zC8N2Ygf9iDITPWjUTVIax95b6I742JFLqASHfsag/vKA==
  dependencies:
    core-js "^1.0.0"
    isomorphic-fetch "^2.1.1"
    loose-envify "^1.0.0"
    object-assign "^4.1.0"
    promise "^7.1.1"
    setimmediate "^1.0.5"
    ua-parser-js "^0.7.30"

follow-redirects@^1.14.0:
  version "1.15.2"
  resolved "https://registry.npmjs.org/follow-redirects/-/follow-redirects-1.15.2.tgz"
  integrity sha512-VQLG33o04KaQ8uYi2tVNbdrWp1QWxNNea+nmIB4EVM28v0hmP17z7aG1+wAkNzVq4KeXTq3221ye5qTJP91JwA==

hoist-non-react-statics@^3.3.0, hoist-non-react-statics@^3.3.2:
  version "3.3.2"
  resolved "https://registry.npmjs.org/hoist-non-react-statics/-/hoist-non-react-statics-3.3.2.tgz"
  integrity sha512-/gGivxi8JPKWNm/W0jSmzcMPpfpPLc3dY/6GxhX2hQ9iGj3aDfklV4ET7NjKpSinLpJ5vafa9iiGIEZg10SfBw==
  dependencies:
    react-is "^16.7.0"

iconv-lite@^0.6.2:
  version "0.6.3"
  resolved "https://registry.npmjs.org/iconv-lite/-/iconv-lite-0.6.3.tgz"
  integrity sha512-4fCk79wshMdzMp2rH06qWrJE4iolqLhCUH+OiuIgU++RB0+94NlDL81atO7GX55uUKueo0txHNtvEyI6D7WdMw==
  dependencies:
    safer-buffer ">= 2.1.2 < 3.0.0"

immer@^9.0.16:
  version "9.0.16"
  resolved "https://registry.npmjs.org/immer/-/immer-9.0.16.tgz"
  integrity sha512-qenGE7CstVm1NrHQbMh8YaSzTZTFNP3zPqr3YU0S0UY441j4bJTg4A2Hh5KAhwgaiU6ZZ1Ar6y/2f4TblnMReQ==

invariant@^2.2.4:
  version "2.2.4"
  resolved "https://registry.npmjs.org/invariant/-/invariant-2.2.4.tgz"
  integrity sha512-phJfQVBuaJM5raOpJjSfkiD6BpbCE4Ns//LaXl6wGYtUBY83nWS6Rf9tXm2e8VaK60JEjYldbPif/A2B1C2gNA==
  dependencies:
    loose-envify "^1.0.0"

is-stream@^1.0.1:
  version "1.1.0"
  resolved "https://registry.npmjs.org/is-stream/-/is-stream-1.1.0.tgz"
  integrity sha512-uQPm8kcs47jx38atAcWTVxyltQYoPT68y9aWYdV6yWXSyW8mzSat0TL6CiWdZeCdF3KrAvpVtnHbTv4RN+rqdQ==

isomorphic-fetch@^2.1.1:
  version "2.2.1"
  resolved "https://registry.npmjs.org/isomorphic-fetch/-/isomorphic-fetch-2.2.1.tgz"
  integrity sha512-9c4TNAKYXM5PRyVcwUZrF3W09nQ+sO7+jydgs4ZGW9dhsLG2VOlISJABombdQqQRXCwuYG3sYV/puGf5rp0qmA==
  dependencies:
    node-fetch "^1.0.1"
    whatwg-fetch ">=0.10.0"

js-cookie@^2.2.1:
  version "2.2.1"
  resolved "https://registry.npmjs.org/js-cookie/-/js-cookie-2.2.1.tgz"
  integrity sha512-HvdH2LzI/EAZcUwA8+0nKNtWHqS+ZmijLA30RwZA0bo7ToCckjK5MkGhjED9KoRcXO6BaGI3I9UIzSA1FKFPOQ==

"js-tokens@^3.0.0 || ^4.0.0":
  version "4.0.0"
  resolved "https://registry.npmjs.org/js-tokens/-/js-tokens-4.0.0.tgz"
  integrity sha512-RdJUflcE3cUzKiMqQgsCu06FPu9UdIJO0beYbPhHN4k6apgJtifcoCtT9bcxOpYBtpD2kCM6Sbzg4CausW/PKQ==

lodash-es@^4.17.15:
  version "4.17.21"
  resolved "https://registry.npmjs.org/lodash-es/-/lodash-es-4.17.21.tgz"
  integrity sha512-mKnC+QJ9pWVzv+C4/U3rRsHapFfHvQFoFB92e52xeyGMcX6/OlIl78je1u8vePzYZSkkogMPJ2yjxxsb89cxyw==

lodash@^4.16.4, lodash@^4.17.15, lodash@~4.17.4:
  version "4.17.21"
  resolved "https://registry.npmjs.org/lodash/-/lodash-4.17.21.tgz"
  integrity sha512-v2kDEe57lecTulaDIuNTPy3Ry4gLGJ6Z1O3vE1krgXZNrsQ+LFTGHVxVjcXPs17LhbZVGedAJv8XZ1tvj5FvSg==

loose-envify@^1.0.0, loose-envify@^1.1.0, loose-envify@^1.3.1, loose-envify@^1.4.0:
  version "1.4.0"
  resolved "https://registry.npmjs.org/loose-envify/-/loose-envify-1.4.0.tgz"
  integrity sha512-lyuxPGr/Wfhrlem2CL/UcnUc1zcqKAImBDzukY7Y5F/yQiNdko6+fRLevlw1HgMySw7f611UIY408EtxRSoK3Q==
  dependencies:
    js-tokens "^3.0.0 || ^4.0.0"

math-expression-evaluator@^1.2.14:
  version "1.4.0"
  resolved "https://registry.npmjs.org/math-expression-evaluator/-/math-expression-evaluator-1.4.0.tgz"
  integrity sha512-4vRUvPyxdO8cWULGTh9dZWL2tZK6LDBvj+OGHBER7poH9Qdt7kXEoj20wiz4lQUbUXQZFjPbe5mVDo9nutizCw==

nanoid@^3.3.4:
  version "3.3.4"
  resolved "https://registry.npmjs.org/nanoid/-/nanoid-3.3.4.tgz"
  integrity sha512-MqBkQh/OHTS2egovRtLk45wEyNXwF+cokD+1YPf9u5VfJiRdAiRwB2froX5Co9Rh20xs4siNPm8naNotSD6RBw==

next@^13.0.5:
  version "13.0.5"
  resolved "https://registry.npmjs.org/next/-/next-13.0.5.tgz"
  integrity sha512-awpc3DkphyKydwCotcBnuKwh6hMqkT5xdiBK4OatJtOZurDPBYLP62jtM2be/4OunpmwIbsS0Eyv+ZGU97ciEg==
  dependencies:
    "@next/env" "13.0.5"
    "@swc/helpers" "0.4.14"
    caniuse-lite "^1.0.30001406"
    postcss "8.4.14"
    styled-jsx "5.1.0"
  optionalDependencies:
    "@next/swc-android-arm-eabi" "13.0.5"
    "@next/swc-android-arm64" "13.0.5"
    "@next/swc-darwin-arm64" "13.0.5"
    "@next/swc-darwin-x64" "13.0.5"
    "@next/swc-freebsd-x64" "13.0.5"
    "@next/swc-linux-arm-gnueabihf" "13.0.5"
    "@next/swc-linux-arm64-gnu" "13.0.5"
    "@next/swc-linux-arm64-musl" "13.0.5"
    "@next/swc-linux-x64-gnu" "13.0.5"
    "@next/swc-linux-x64-musl" "13.0.5"
    "@next/swc-win32-arm64-msvc" "13.0.5"
    "@next/swc-win32-ia32-msvc" "13.0.5"
    "@next/swc-win32-x64-msvc" "13.0.5"

node-fetch@^1.0.1:
  version "1.7.3"
  resolved "https://registry.npmjs.org/node-fetch/-/node-fetch-1.7.3.tgz"
  integrity sha512-NhZ4CsKx7cYm2vSrBAr2PvFOe6sWDf0UYLRqA6svUYg7+/TSfVAu49jYC4BvQ4Sms9SZgdqGBgroqfDhJdTyKQ==
  dependencies:
    encoding "^0.1.11"
    is-stream "^1.0.1"

object-assign@^4.1.0, object-assign@^4.1.1:
  version "4.1.1"
  resolved "https://registry.npmjs.org/object-assign/-/object-assign-4.1.1.tgz"
  integrity sha1-IQmtx5ZYh8/AXLvUQsrIv7s2CGM=

performance-now@^2.1.0:
  version "2.1.0"
  resolved "https://registry.npmjs.org/performance-now/-/performance-now-2.1.0.tgz"
  integrity sha512-7EAHlyLHI56VEIdK57uwHdHKIaAGbnXPiw0yWbarQZOKaKpvUIgW0jWRVLiatnM+XXlSwsanIBH/hzGMJulMow==

picocolors@^1.0.0:
  version "1.0.0"
  resolved "https://registry.npmjs.org/picocolors/-/picocolors-1.0.0.tgz"
  integrity sha512-1fygroTLlHu66zi26VoTDv8yRgm0Fccecssto+MhsZ0D/DGW2sm8E8AjW7NU5VVTRt5GxbeZ5qBuJr+HyLYkjQ==

postcss@8.4.14:
  version "8.4.14"
  resolved "https://registry.npmjs.org/postcss/-/postcss-8.4.14.tgz"
  integrity sha512-E398TUmfAYFPBSdzgeieK2Y1+1cpdxJx8yXbK/m57nRhKSmk1GB2tO4lbLBtlkfPQTDKfe4Xqv1ASWPpayPEig==
  dependencies:
    nanoid "^3.3.4"
    picocolors "^1.0.0"
    source-map-js "^1.0.2"

promise@^7.1.1:
  version "7.3.1"
  resolved "https://registry.npmjs.org/promise/-/promise-7.3.1.tgz"
  integrity sha512-nolQXZ/4L+bP/UGlkfaIujX9BKxGwmQ9OT4mOt5yvy8iK1h3wqTEJCijzGANTCCl9nWjY41juyAn2K3Q1hLLTg==
  dependencies:
    asap "~2.0.3"

prop-types-extra@^1.1.0:
  version "1.1.1"
  resolved "https://registry.npmjs.org/prop-types-extra/-/prop-types-extra-1.1.1.tgz"
  integrity sha512-59+AHNnHYCdiC+vMwY52WmvP5dM3QLeoumYuEyceQDi9aEhtwN9zIQ2ZNo25sMyXnbh32h+P1ezDsUpUH3JAew==
  dependencies:
    react-is "^16.3.2"
    warning "^4.0.0"

prop-types@^15.5.6, prop-types@^15.6.2, prop-types@^15.7.2:
  version "15.7.2"
  resolved "https://registry.npmjs.org/prop-types/-/prop-types-15.7.2.tgz"
  integrity sha512-8QQikdH7//R2vurIJSutZ1smHYTcLpRWEOlHnzcWHmBYrOGUysKwSsrC89BCiFj3CbrfJ/nXFdJepOVrY1GCHQ==
  dependencies:
    loose-envify "^1.4.0"
    object-assign "^4.1.1"
    react-is "^16.8.1"

prop-types@^15.5.8, prop-types@~15.5.7:
  version "15.5.10"
  resolved "https://registry.npmjs.org/prop-types/-/prop-types-15.5.10.tgz"
  integrity sha512-vCFzoUFaZkVNeFkhK1KbSq4cn97GDrpfBt9K2qLkGnPAEFhEv3M61Lk5t+B7c0QfMLWo0fPkowk/4SuXerh26Q==
  dependencies:
    fbjs "^0.8.9"
    loose-envify "^1.3.1"

raf@^3.2.0:
  version "3.4.1"
  resolved "https://registry.npmjs.org/raf/-/raf-3.4.1.tgz"
  integrity sha512-Sq4CW4QhwOHE8ucn6J34MqtZCeWFP2aQSmrlroYgqAV1PjStIhJXxYuTgUIfkEk7zTLjmIjLmU5q+fbD1NnOJA==
  dependencies:
    performance-now "^2.1.0"

react-bootstrap@^1.4.0:
  version "1.4.0"
  resolved "https://registry.npmjs.org/react-bootstrap/-/react-bootstrap-1.4.0.tgz"
  integrity sha512-0BMzgeUAxH126v7VYDzIXbHxQVHSnniPVKpz9fblumdQpWaiElMnnzk+u8h8DoELX0nCXwPlcUzgXqmpncdc2Q==
  dependencies:
    "@babel/runtime" "^7.4.2"
    "@restart/context" "^2.1.4"
    "@restart/hooks" "^0.3.21"
    "@types/classnames" "^2.2.10"
    "@types/invariant" "^2.2.33"
    "@types/prop-types" "^15.7.3"
    "@types/react" "^16.9.35"
    "@types/react-transition-group" "^4.4.0"
    "@types/warning" "^3.0.0"
    classnames "^2.2.6"
    dom-helpers "^5.1.2"
    invariant "^2.2.4"
    prop-types "^15.7.2"
    prop-types-extra "^1.1.0"
    react-overlays "^4.1.0"
    react-transition-group "^4.4.1"
    uncontrollable "^7.0.0"
    warning "^4.0.3"

react-dom@^18:
  version "18.2.0"
  resolved "https://registry.yarnpkg.com/react-dom/-/react-dom-18.2.0.tgz#22aaf38708db2674ed9ada224ca4aa708d821e3d"
  integrity sha512-6IMTriUmvsjHUjNtEDudZfuDQUoWXVxKHhlEGSk81n4YFS+r/Kl99wXiwlVXtPBtJenozv2P+hxDsw9eA7Xo6g==
  dependencies:
    loose-envify "^1.1.0"
    scheduler "^0.23.0"

react-is@^16.3.2, react-is@^16.7.0, react-is@^16.8.1:
  version "16.13.1"
  resolved "https://registry.npmjs.org/react-is/-/react-is-16.13.1.tgz"
  integrity sha512-24e6ynE2H+OKt4kqsOvNd8kBpV65zoxbA4BVsEOB3ARVWQki/DHzaUoC5KuON/BiccDaCCTZBuOcfZs70kR8bQ==

react-is@^17.0.2:
  version "17.0.2"
  resolved "https://registry.npmjs.org/react-is/-/react-is-17.0.2.tgz"
  integrity sha512-w2GsyukL62IJnlaff/nRegPQR94C/XXamvMWmSHRJ4y7Ts/4ocGRmTHvOs8PSE6pB3dWOrD/nueuU5sduBsQ4w==

react-lifecycles-compat@^3.0.4:
  version "3.0.4"
  resolved "https://registry.npmjs.org/react-lifecycles-compat/-/react-lifecycles-compat-3.0.4.tgz"
  integrity sha512-fBASbA6LnOU9dOU2eW7aQ8xmYBSXUIWr+UmF9b1efZBazGNO+rcXT/icdKnYm2pTwcRylVUYwW7H1PHfLekVzA==

react-overlays@^4.1.0:
  version "4.1.1"
  resolved "https://registry.npmjs.org/react-overlays/-/react-overlays-4.1.1.tgz"
  integrity sha512-WtJifh081e6M24KnvTQoNjQEpz7HoLxqt8TwZM7LOYIkYJ8i/Ly1Xi7RVte87ZVnmqQ4PFaFiNHZhSINPSpdBQ==
  dependencies:
    "@babel/runtime" "^7.12.1"
    "@popperjs/core" "^2.5.3"
    "@restart/hooks" "^0.3.25"
    "@types/warning" "^3.0.0"
    dom-helpers "^5.2.0"
    prop-types "^15.7.2"
    uncontrollable "^7.0.0"
    warning "^4.0.3"

react-redux@^7.2.2:
  version "7.2.9"
  resolved "https://registry.npmjs.org/react-redux/-/react-redux-7.2.9.tgz"
  integrity sha512-Gx4L3uM182jEEayZfRbI/G11ZpYdNAnBs70lFVMNdHJI76XYtR+7m0MN+eAs7UHBPhWXcnFPaS+9owSCJQHNpQ==
  dependencies:
    "@babel/runtime" "^7.15.4"
    "@types/react-redux" "^7.1.20"
    hoist-non-react-statics "^3.3.2"
    loose-envify "^1.4.0"
    prop-types "^15.7.2"
    react-is "^17.0.2"

react-resize-detector@0.4.1:
  version "0.4.1"
  resolved "https://registry.npmjs.org/react-resize-detector/-/react-resize-detector-0.4.1.tgz"
  integrity sha512-eIwSZd1a6ShnBAdw+5RC3xUVxFvpsHz1tkk0vU5Gq/PRPVP0MpMbMSl44THcgSLHLfXVROpM3B2dkyQrqIM+VA==
  dependencies:
    prop-types "^15.5.8"

react-smooth@0.3.0:
  version "0.3.0"
  resolved "https://registry.npmjs.org/react-smooth/-/react-smooth-0.3.0.tgz"
  integrity sha512-sV/M3wwANbUIsThztleHBAfAOtpXJQbFaV/wtFeROYzhiXR3+/ozBFRc0MjX06ZKMp/SbyFic+38wWDgrvqyOg==
  dependencies:
    lodash "^4.16.4"
    prop-types "^15.5.8"
    raf "^3.2.0"
    react-transition-group "^1.1.1"

react-text-mask@^5.4.3:
  version "5.5.0"
  resolved "https://registry.npmjs.org/react-text-mask/-/react-text-mask-5.5.0.tgz"
  integrity sha512-SLJlJQxa0uonMXsnXRpv5abIepGmHz77ylQcra0GNd7Jtk4Wj2Mtp85uGQHv1avba2uI8ZvRpIEQPpJKsqRGYw==
  dependencies:
    prop-types "^15.5.6"

react-toastify@^6.2.0:
  version "6.2.0"
  resolved "https://registry.npmjs.org/react-toastify/-/react-toastify-6.2.0.tgz"
  integrity sha512-XpjFrcBhQ0/nBOL4syqgP/TywFnOyxmstYLWgSQWcj39qpp+WU4vPt3C/ayIDx7RFyxRWfzWTdR2qOcDGo7G0w==
  dependencies:
    clsx "^1.1.1"
    prop-types "^15.7.2"
    react-transition-group "^4.4.1"

react-transition-group@^1.1.1:
  version "1.2.1"
  resolved "https://registry.npmjs.org/react-transition-group/-/react-transition-group-1.2.1.tgz"
  integrity sha512-CWaL3laCmgAFdxdKbhhps+c0HRGF4c+hdM4H23+FI1QBNUyx/AMeIJGWorehPNSaKnQNOAxL7PQmqMu78CDj3Q==
  dependencies:
    chain-function "^1.0.0"
    dom-helpers "^3.2.0"
    loose-envify "^1.3.1"
    prop-types "^15.5.6"
    warning "^3.0.0"

react-transition-group@^4.4.1:
  version "4.4.1"
  resolved "https://registry.npmjs.org/react-transition-group/-/react-transition-group-4.4.1.tgz"
  integrity sha512-Djqr7OQ2aPUiYurhPalTrVy9ddmFCCzwhqQmtN+J3+3DzLO209Fdr70QrN8Z3DsglWql6iY1lDWAfpFiBtuKGw==
  dependencies:
    "@babel/runtime" "^7.5.5"
    dom-helpers "^5.0.1"
    loose-envify "^1.4.0"
    prop-types "^15.6.2"

react@^18:
  version "18.2.0"
  resolved "https://registry.yarnpkg.com/react/-/react-18.2.0.tgz#555bd98592883255fa00de14f1151a917b5d77d5"
  integrity sha512-/3IjMdb2L9QbBdWiW5e3P2/npwMBaU9mHCSCUzNln0ZCYbcfTsGbTJrU/kGemdH2IWmB2ioZ+zkxtmq6g09fGQ==
  dependencies:
    loose-envify "^1.1.0"

recharts-scale@0.3.0:
  version "0.3.0"
  resolved "https://registry.npmjs.org/recharts-scale/-/recharts-scale-0.3.0.tgz"
  integrity sha512-ILYVQrxszlZkbcr0OCZoXQg/oIZQDTyqXAwvphgfa9FAJn1XIMPQyBdamXyD2lPPL2czowFXQUMPcuJjxoxB2g==

recharts@^0.22.5:
  version "0.22.5"
  resolved "https://registry.npmjs.org/recharts/-/recharts-0.22.5.tgz"
  integrity sha512-Cv87iNYCTSwTLgfyRBKakAr7da5lR7vfBAM5JpG4/NvofiQXkWrjFcMgL3q3iIMSpMEpKz3s+k2BvhuOFTCENA==
  dependencies:
    classnames "2.2.5"
    core-js "2.4.1"
    d3-scale "1.0.4"
    d3-shape "1.0.4"
    lodash "~4.17.4"
    prop-types "~15.5.7"
    react-resize-detector "0.4.1"
    react-smooth "0.3.0"
    recharts-scale "0.3.0"
    reduce-css-calc "1.3.0"

reduce-css-calc@1.3.0:
  version "1.3.0"
  resolved "https://registry.npmjs.org/reduce-css-calc/-/reduce-css-calc-1.3.0.tgz"
  integrity sha512-0dVfwYVOlf/LBA2ec4OwQ6p3X9mYxn/wOl2xTcLwjnPYrkgEfPx3VI4eGCH3rQLlPISG5v9I9bkZosKsNRTRKA==
  dependencies:
    balanced-match "^0.4.2"
    math-expression-evaluator "^1.2.14"
    reduce-function-call "^1.0.1"

reduce-function-call@^1.0.1:
  version "1.0.3"
  resolved "https://registry.npmjs.org/reduce-function-call/-/reduce-function-call-1.0.3.tgz"
  integrity sha512-Hl/tuV2VDgWgCSEeWMLwxLZqX7OK59eU1guxXsRKTAyeYimivsKdtcV4fu3r710tpG5GmDKDhQ0HSZLExnNmyQ==
  dependencies:
    balanced-match "^1.0.0"

redux-persist@^6.0.0:
  version "6.0.0"
  resolved "https://registry.npmjs.org/redux-persist/-/redux-persist-6.0.0.tgz"
  integrity sha512-71LLMbUq2r02ng2We9S215LtPu3fY0KgaGE0k8WRgl6RkqxtGfl7HUozz1Dftwsb0D/5mZ8dwAaPbtnzfvbEwQ==

redux-thunk@^2.4.2:
  version "2.4.2"
  resolved "https://registry.npmjs.org/redux-thunk/-/redux-thunk-2.4.2.tgz"
  integrity sha512-+P3TjtnP0k/FEjcBL5FZpoovtvrTNT/UXd4/sluaSyrURlSlhLSzEdfsTBW7WsKB6yPvgd7q/iZPICFjW4o57Q==

redux@^4.0.0, redux@^4.0.5, redux@^4.2.0:
  version "4.2.0"
  resolved "https://registry.npmjs.org/redux/-/redux-4.2.0.tgz"
  integrity sha512-oSBmcKKIuIR4ME29/AeNUnl5L+hvBq7OaJWzaptTQJAntaPvxIJqfnjbaEiCzzaIz+XmVILfqAM3Ob0aXLPfjA==
  dependencies:
    "@babel/runtime" "^7.9.2"

regenerator-runtime@^0.13.10:
  version "0.13.11"
  resolved "https://registry.npmjs.org/regenerator-runtime/-/regenerator-runtime-0.13.11.tgz"
  integrity sha512-kY1AZVr2Ra+t+piVaJ4gxaFaReZVH40AKNo7UCX6W+dEwBo/2oZJzqfuN1qLq1oL45o56cPaTXELwrTh8Fpggg==

reselect@^4.1.7:
  version "4.1.7"
  resolved "https://registry.npmjs.org/reselect/-/reselect-4.1.7.tgz"
  integrity sha512-Zu1xbUt3/OPwsXL46hvOOoQrap2azE7ZQbokq61BQfiXvhewsKDwhMeZjTX9sX0nvw1t/U5Audyn1I9P/m9z0A==

"safer-buffer@>= 2.1.2 < 3.0.0":
  version "2.1.2"
  resolved "https://registry.npmjs.org/safer-buffer/-/safer-buffer-2.1.2.tgz"
  integrity sha512-YZo3K82SD7Riyi0E1EQPojLz7kpepnSQI9IyPbHHg1XXXevb5dJI7tpyN2ADxGcQbHG7vcyRHk0cbwqcQriUtg==

scheduler@^0.23.0:
  version "0.23.0"
  resolved "https://registry.yarnpkg.com/scheduler/-/scheduler-0.23.0.tgz#ba8041afc3d30eb206a487b6b384002e4e61fdfe"
  integrity sha512-CtuThmgHNg7zIZWAXi3AsyIzA3n4xx7aNyjwC2VJldO2LMVDhFK+63xGqq6CsJH4rTAt6/M+N4GhZiDYPx9eUw==
  dependencies:
    loose-envify "^1.1.0"

setimmediate@^1.0.5:
  version "1.0.5"
  resolved "https://registry.npmjs.org/setimmediate/-/setimmediate-1.0.5.tgz"
  integrity sha512-MATJdZp8sLqDl/68LfQmbP8zKPLQNV6BIZoIgrscFDQ+RsvK/BxeDQOgyxKKoh0y/8h3BqVFnCqQ/gd+reiIXA==

source-map-js@^1.0.2:
  version "1.0.2"
  resolved "https://registry.npmjs.org/source-map-js/-/source-map-js-1.0.2.tgz"
  integrity sha512-R0XvVJ9WusLiqTCEiGCmICCMplcCkIwwR11mOSD9CR5u+IXYdiseeEuXCVAjS54zqwkLcPNnmU4OeJ6tUrWhDw==

styled-jsx@5.1.0:
  version "5.1.0"
  resolved "https://registry.npmjs.org/styled-jsx/-/styled-jsx-5.1.0.tgz"
  integrity sha512-/iHaRJt9U7T+5tp6TRelLnqBqiaIT0HsO0+vgyj8hK2KUk7aejFqRrumqPUlAqDwAj8IbS/1hk3IhBAAK/FCUQ==
  dependencies:
    client-only "0.0.1"

swr@^0.3.8:
  version "0.3.11"
  resolved "https://registry.npmjs.org/swr/-/swr-0.3.11.tgz"
  integrity sha512-ya30LuRGK2R7eDlttnb7tU5EmJYJ+N6ytIOM2j0Hqs0qauJcDjVLDOGy7KmFeH5ivOwLHalFaIyYl2K+SGa7HQ==
  dependencies:
    dequal "2.0.2"

tslib@^2.4.0:
  version "2.4.1"
  resolved "https://registry.npmjs.org/tslib/-/tslib-2.4.1.tgz"
  integrity sha512-tGyy4dAjRIEwI7BzsB0lynWgOpfqjUdq91XXAlIWD2OwKBH7oCl/GZG/HT4BOHrTlPMOASlMQ7veyTqpmRcrNA==

typescript@^4.0.5:
  version "4.0.5"
  resolved "https://registry.npmjs.org/typescript/-/typescript-4.0.5.tgz"
  integrity sha512-ywmr/VrTVCmNTJ6iV2LwIrfG1P+lv6luD8sUJs+2eI9NLGigaN+nUQc13iHqisq7bra9lnmUSYqbJvegraBOPQ==

ua-parser-js@^0.7.30:
  version "0.7.32"
  resolved "https://registry.npmjs.org/ua-parser-js/-/ua-parser-js-0.7.32.tgz"
  integrity sha512-f9BESNVhzlhEFf2CHMSj40NWOjYPl1YKYbrvIr/hFTDEmLq7SRbWvm7FcdcpCYT95zrOhC7gZSxjdnnTpBcwVw==

uncontrollable@^7.0.0:
  version "7.1.1"
  resolved "https://registry.npmjs.org/uncontrollable/-/uncontrollable-7.1.1.tgz"
  integrity sha512-EcPYhot3uWTS3w00R32R2+vS8Vr53tttrvMj/yA1uYRhf8hbTG2GyugGqWDY0qIskxn0uTTojVd6wPYW9ZEf8Q==
  dependencies:
    "@babel/runtime" "^7.6.3"
    "@types/react" "^16.9.11"
    invariant "^2.2.4"
    react-lifecycles-compat "^3.0.4"

warning@^3.0.0:
  version "3.0.0"
  resolved "https://registry.npmjs.org/warning/-/warning-3.0.0.tgz"
  integrity sha512-jMBt6pUrKn5I+OGgtQ4YZLdhIeJmObddh6CsibPxyQ5yPZm1XExSyzC1LCNX7BzhxWgiHmizBWJTHJIjMjTQYQ==
  dependencies:
    loose-envify "^1.0.0"

warning@^4.0.0, warning@^4.0.3:
  version "4.0.3"
  resolved "https://registry.npmjs.org/warning/-/warning-4.0.3.tgz"
  integrity sha512-rpJyN222KWIvHJ/F53XSZv0Zl/accqHR8et1kpaMTD/fLCRxtV8iX8czMzY7sVZupTI3zcUTg8eycS2kNF9l6w==
  dependencies:
    loose-envify "^1.0.0"

whatwg-fetch@>=0.10.0:
  version "3.6.2"
  resolved "https://registry.npmjs.org/whatwg-fetch/-/whatwg-fetch-3.6.2.tgz"
  integrity sha512-bJlen0FcuU/0EMLrdbJ7zOnW6ITZLrZMIarMUVmdKtsGvZna8vxKYaexICWPfZ8qwf9fzNq+UEIZrnSaApt6RA==
